{
  "nodes": {
    "crane": {
      "locked": {
        "lastModified": 1790899423,
        "narHash": "sha256-THGtz65UGJU+sonZidRboyCMk+9DclpMF7pwL4uDV4M=",
        "owner": "ipetkov",
        "repo": "crane",
        "rev": "47b6b27ed9a3a9181415e4367d0c30ab2a0e0250",
        "type": "github"
      },
      "original": {
        "owner": "ipetkov",
        "repo": "crane",
        "type": "github"
      }
    },
    "nixpkgs": {
      "locked": {
        "lastModified": 1791048980,
        "narHash": "sha256-KgItSKML8Xvte0B7/uGnBDsYzSnnKHcOaiUbgWBXLXw=",
        "owner": "NixOS",
        "repo": "nixpkgs",
        "rev": "a7868a727837f3c09cee2ce0ca671c76b1589fed",
        "type": "github"
      },
      "original": {
        "owner": "NixOS",
        "ref": "nixos-unstable",
        "repo": "nixpkgs",
        "type": "github"
      }
    },
    "nixpkgs-x86-darwin": {
      "locked": {
        "lastModified": 1790117938,
        "narHash": "sha256-KgxFEzwzcmyNe4mqlYtsZjzy40mLcNVKtaeoCf5tCGg=",
        "owner": "NixOS",
        "repo": "nixpkgs",
        "rev": "bd495b825e5c4365131f9b744cce923d42c06158",
        "type": "github"
      },
      "original": {
        "owner": "NixOS",
        "ref": "nixpkgs-26.05-darwin",
        "repo": "nixpkgs",
        "type": "github"
      }
    },
    "root": {
      "inputs": {
        "crane": "crane",
        "nixpkgs": "nixpkgs",
        "sicompass-ui": "sicompass-ui"
      }
    },
    "sicompass-ui": {
      "inputs": {
        "crane": [
          "crane"
        ],
        "nixpkgs": [
          "nixpkgs"
        ],
        "nixpkgs-x86-darwin": "nixpkgs-x86-darwin"
      },
      "locked": {
        "lastModified": 1790295728,
        "narHash": "sha256-LDBQyoekyv1cUZ4y/VlNAdvsGVcm217liObQttuqock=",
        "owner": "friendlyflow",
        "repo": "sicompass-ui",
        "rev": "fe792b4f8e810926d23a4802311d9dc744ebf97b",
        "type": "github"
      },
      "original": {
        "owner": "friendlyflow",
        "ref": "v0.2.0",
        "repo": "sicompass-ui",
        "type": "github"
      }
    }
  },
  "root": "root",
  "version": 7
}
